// !$*UTF8*$!
{
	archiveVersion = 1;
	classes = {
	};
	objectVersion = 46;
	objects = {

/* Begin PBXBuildFile section */
		942F53CB1FA22EC700C2469B /* test.epub in Resources */ = {isa = PBXBuildFile; fileRef = 942F53CA1FA22EC700C2469B /* test.epub */; };
		94505E801CA98B5700A884D6 /* AppDelegate.swift in Sources */ = {isa = PBXBuildFile; fileRef = 94505E7F1CA98B5700A884D6 /* AppDelegate.swift */; };
		94505E821CA98B5700A884D6 /* ViewController.swift in Sources */ = {isa = PBXBuildFile; fileRef = 94505E811CA98B5700A884D6 /* ViewController.swift */; };
		94505E851CA98B5700A884D6 /* Main.storyboard in Resources */ = {isa = PBXBuildFile; fileRef = 94505E831CA98B5700A884D6 /* Main.storyboard */; };
		94505E871CA98B5700A884D6 /* Assets.xcassets in Resources */ = {isa = PBXBuildFile; fileRef = 94505E861CA98B5700A884D6 /* Assets.xcassets */; };
		94505E8A1CA98B5700A884D6 /* LaunchScreen.storyboard in Resources */ = {isa = PBXBuildFile; fileRef = 94505E881CA98B5700A884D6 /* LaunchScreen.storyboard */; };
/* End PBXBuildFile section */

/* Begin PBXFileReference section */
		942F53CA1FA22EC700C2469B /* test.epub */ = {isa = PBXFileReference; lastKnownFileType = file; path = test.epub; sourceTree = "<group>"; };
		94505E7C1CA98B5700A884D6 /* DocumentInteraction.app */ = {isa = PBXFileReference; explicitFileType = wrapper.application; includeInIndex = 0; path = DocumentInteraction.app; sourceTree = BUILT_PRODUCTS_DIR; };
		94505E7F1CA98B5700A884D6 /* AppDelegate.swift */ = {isa = PBXFileReference; lastKnownFileType = sourcecode.swift; path = AppDelegate.swift; sourceTree = "<group>"; };
		94505E811CA98B5700A884D6 /* ViewController.swift */ = {isa = PBXFileReference; lastKnownFileType = sourcecode.swift; path = ViewController.swift; sourceTree = "<group>"; };
		94505E841CA98B5700A884D6 /* Base */ = {isa = PBXFileReference; lastKnownFileType = file.storyboard; name = Base; path = Base.lproj/Main.storyboard; sourceTree = "<group>"; };
		94505E861CA98B5700A884D6 /* Assets.xcassets */ = {isa = PBXFileReference; lastKnownFileType = folder.assetcatalog; path = Assets.xcassets; sourceTree = "<group>"; };
		94505E891CA98B5700A884D6 /* Base */ = {isa = PBXFileReference; lastKnownFileType = file.storyboard; name = Base; path = Base.lproj/LaunchScreen.storyboard; sourceTree = "<group>"; };
		94505E8B1CA98B5700A884D6 /* Info.plist */ = {isa = PBXFileReference; lastKnownFileType = text.plist.xml; path = Info.plist; sourceTree = "<group>"; };
/* End PBXFileReference section */

/* Begin PBXFrameworksBuildPhase section */
		94505E791CA98B5700A884D6 /* Frameworks */ = {
			isa = PBXFrameworksBuildPhase;
			buildActionMask = 2147483647;
			files = (
			);
			runOnlyForDeploymentPostprocessing = 0;
		};
/* End PBXFrameworksBuildPhase section */

/* Begin PBXGroup section */
		9420BD5E1CA9A8FE007E329D /* Sources */ = {
			isa = PBXGroup;
			children = (
				94505E7F1CA98B5700A884D6 /* AppDelegate.swift */,
				94505E811CA98B5700A884D6 /* ViewController.swift */,
			);
			name = Sources;
			sourceTree = "<group>";
		};
		9420BD5F1CA9A90A007E329D /* UI */ = {
			isa = PBXGroup;
			children = (
				94505E831CA98B5700A884D6 /* Main.storyboard */,
				94505E881CA98B5700A884D6 /* LaunchScreen.storyboard */,
			);
			name = UI;
			sourceTree = "<group>";
		};
		9420BD601CA9A918007E329D /* Supporting Files */ = {
			isa = PBXGroup;
			children = (
				94505E8B1CA98B5700A884D6 /* Info.plist */,
			);
			name = "Supporting Files";
			sourceTree = "<group>";
		};
		9420BD611CA9A930007E329D /* Resources */ = {
			isa = PBXGroup;
			children = (
				942F53CA1FA22EC700C2469B /* test.epub */,
				94505E861CA98B5700A884D6 /* Assets.xcassets */,
			);
			name = Resources;
			sourceTree = "<group>";
		};
		94505E731CA98B5700A884D6 = {
			isa = PBXGroup;
			children = (
				94505E7E1CA98B5700A884D6 /* DocumentInteraction */,
				94505E7D1CA98B5700A884D6 /* Products */,
			);
			sourceTree = "<group>";
		};
		94505E7D1CA98B5700A884D6 /* Products */ = {
			isa = PBXGroup;
			children = (
				94505E7C1CA98B5700A884D6 /* DocumentInteraction.app */,
			);
			name = Products;
			sourceTree = "<group>";
		};
		94505E7E1CA98B5700A884D6 /* DocumentInteraction */ = {
			isa = PBXGroup;
			children = (
				9420BD5E1CA9A8FE007E329D /* Sources */,
				9420BD611CA9A930007E329D /* Resources */,
				9420BD5F1CA9A90A007E329D /* UI */,
				9420BD601CA9A918007E329D /* Supporting Files */,
			);
			path = DocumentInteraction;
			sourceTree = "<group>";
		};
/* End PBXGroup section */

/* Begin PBXNativeTarget section */
		94505E7B1CA98B5700A884D6 /* DocumentInteraction */ = {
			isa = PBXNativeTarget;
			buildConfigurationList = 94505E8E1CA98B5700A884D6 /* Build configuration list for PBXNativeTarget "DocumentInteraction" */;
			buildPhases = (
				94505E781CA98B5700A884D6 /* Sources */,
				94505E791CA98B5700A884D6 /* Frameworks */,
				94505E7A1CA98B5700A884D6 /* Resources */,
			);
			buildRules = (
			);
			dependencies = (
			);
			name = DocumentInteraction;
			productName = DocumentInteraction;
			productReference = 94505E7C1CA98B5700A884D6 /* DocumentInteraction.app */;
			productType = "com.apple.product-type.application";
		};
/* End PBXNativeTarget section */

/* Begin PBXProject section */
		94505E741CA98B5700A884D6 /* Project object */ = {
			isa = PBXProject;
			attributes = {
				LastSwiftUpdateCheck = 0730;
				LastUpgradeCheck = 1000;
				ORGANIZATIONNAME = "Maxim Bilan";
				TargetAttributes = {
					94505E7B1CA98B5700A884D6 = {
						CreatedOnToolsVersion = 7.3;
						DevelopmentTeam = 828XSMPA74;
						LastSwiftMigration = 0900;
					};
				};
			};
			buildConfigurationList = 94505E771CA98B5700A884D6 /* Build configuration list for PBXProject "DocumentInteraction" */;
			compatibilityVersion = "Xcode 3.2";
			developmentRegion = English;
			hasScannedForEncodings = 0;
			knownRegions = (
				en,
				Base,
			);
			mainGroup = 94505E731CA98B5700A884D6;
			productRefGroup = 94505E7D1CA98B5700A884D6 /* Products */;
			projectDirPath = "";
			projectRoot = "";
			targets = (
				94505E7B1CA98B5700A884D6 /* DocumentInteraction */,
			);
		};
/* End PBXProject section */

/* Begin PBXResourcesBuildPhase section */
		94505E7A1CA98B5700A884D6 /* Resources */ = {
			isa = PBXResourcesBuildPhase;
			buildActionMask = 2147483647;
			files = (
				94505E8A1CA98B5700A884D6 /* LaunchScreen.storyboard in Resources */,
				94505E871CA98B5700A884D6 /* Assets.xcassets in Resources */,
				94505E851CA98B5700A884D6 /* Main.storyboard in Resources */,
				942F53CB1FA22EC700C2469B /* test.epub in Resources */,
			);
			runOnlyForDeploymentPostprocessing = 0;
		};
/* End PBXResourcesBuildPhase section */

/* Begin PBXSourcesBuildPhase section */
		94505E781CA98B5700A884D6 /* Sources */ = {
			isa = PBXSourcesBuildPhase;
			buildActionMask = 2147483647;
			files = (
				94505E821CA98B5700A884D6 /* ViewController.swift in Sources */,
				94505E801CA98B5700A884D6 /* AppDelegate.swift in Sources */,
			);
			runOnlyForDeploymentPostprocessing = 0;
		};
/* End PBXSourcesBuildPhase section */

/* Begin PBXVariantGroup section */
		94505E831CA98B5700A884D6 /* Main.storyboard */ = {
			isa = PBXVariantGroup;
			children = (
				94505E841CA98B5700A884D6 /* Base */,
			);
			name = Main.storyboard;
			sourceTree = "<group>";
		};
		94505E881CA98B5700A884D6 /* LaunchScreen.storyboard */ = {
			isa = PBXVariantGroup;
			children = (
				94505E891CA98B5700A884D6 /* Base */,
			);
			name = LaunchScreen.storyboard;
			sourceTree = "<group>";
		};
/* End PBXVariantGroup section */

/* Begin XCBuildConfiguration section */
		94505E8C1CA98B5700A884D6 /* Debug */ = {
			isa = XCBuildConfiguration;
			buildSettings = {
				ALWAYS_SEARCH_USER_PATHS = NO;
				CLANG_ANALYZER_NONNULL = YES;
				CLANG_CXX_LANGUAGE_STANDARD = "gnu++0x";
				CLANG_CXX_LIBRARY = "libc++";
				CLANG_ENABLE_MODULES = YES;
				CLANG_ENABLE_OBJC_ARC = YES;
				CLANG_WARN_BLOCK_CAPTURE_AUTORELEASING = YES;
				CLANG_WARN_BOOL_CONVERSION = YES;
				CLANG_WARN_COMMA = YES;
				CLANG_WARN_CONSTANT_CONVERSION = YES;
				CLANG_WARN_DEPRECATED_OBJC_IMPLEMENTATIONS = YES;
				CLANG_WARN_DIRECT_OBJC_ISA_USAGE = YES_ERROR;
				CLANG_WARN_EMPTY_BODY = YES;
				CLANG_WARN_ENUM_CONVERSION = YES;
				CLANG_WARN_INFINITE_RECURSION = YES;
				CLANG_WARN_INT_CONVERSION = YES;
				CLANG_WARN_NON_LITERAL_NULL_CONVERSION = YES;
				CLANG_WARN_OBJC_IMPLICIT_RETAIN_SELF = YES;
				CLANG_WARN_OBJC_LITERAL_CONVERSION = YES;
				CLANG_WARN_OBJC_ROOT_CLASS = YES_ERROR;
				CLANG_WARN_RANGE_LOOP_ANALYSIS = YES;
				CLANG_WARN_STRICT_PROTOTYPES = YES;
				CLANG_WARN_SUSPICIOUS_MOVE = YES;
				CLANG_WARN_UNREACHABLE_CODE = YES;
				CLANG_WARN__DUPLICATE_METHOD_MATCH = YES;
				"CODE_SIGN_IDENTITY[sdk=iphoneos*]" = "iPhone Developer";
				COPY_PHASE_STRIP = NO;
				DEBUG_INFORMATION_FORMAT = dwarf;
				ENABLE_STRICT_OBJC_MSGSEND = YES;
				ENABLE_TESTABILITY = YES;
				GCC_C_LANGUAGE_STANDARD = gnu99;
				GCC_DYNAMIC_NO_PIC = NO;
				GCC_NO_COMMON_BLOCKS = YES;
				GCC_OPTIMIZATION_LEVEL = 0;
				GCC_PREPROCESSOR_DEFINITIONS = (
					"DEBUG=1",
					"$(inherited)",
				);
				GCC_WARN_64_TO_32_BIT_CONVERSION = YES;
				GCC_WARN_ABOUT_RETURN_TYPE = YES_ERROR;
				GCC_WARN_UNDECLARED_SELECTOR = YES;
				GCC_WARN_UNINITIALIZED_AUTOS = YES_AGGRESSIVE;
				GCC_WARN_UNUSED_FUNCTION = YES;
				GCC_WARN_UNUSED_VARIABLE = YES;
				IPHONEOS_DEPLOYMENT_TARGET = 9.3;
				MTL_ENABLE_DEBUG_INFO = YES;
				ONLY_ACTIVE_ARCH = YES;
				SDKROOT = iphoneos;
				SWIFT_OPTIMIZATION_LEVEL = "-Onone";
				TARGETED_DEVICE_FAMILY = "1,2";
			};
			name = Debug;
		};
		94505E8D1CA98B5700A884D6 /* Release */ = {
			isa = XCBuildConfiguration;
			buildSettings = {
				ALWAYS_SEARCH_USER_PATHS = NO;
				CLANG_ANALYZER_NONNULL = YES;
				CLANG_CXX_LANGUAGE_STANDARD = "gnu++0x";
				CLANG_CXX_LIBRARY = "libc++";
				CLANG_ENABLE_MODULES = YES;
				CLANG_ENABLE_OBJC_ARC = YES;
				CLANG_WARN_BLOCK_CAPTURE_AUTORELEASING = YES;
				CLANG_WARN_BOOL_CONVERSION = YES;
				CLANG_WARN_COMMA = YES;
				CLANG_WARN_CONSTANT_CONVERSION = YES;
				CLANG_WARN_DEPRECATED_OBJC_IMPLEMENTATIONS = YES;
				CLANG_WARN_DIRECT_OBJC_ISA_USAGE = YES_ERROR;
				CLANG_WARN_EMPTY_BODY = YES;
				CLANG_WARN_ENUM_CONVERSION = YES;
				CLANG_WARN_INFINITE_RECURSION = YES;
				CLANG_WARN_INT_CONVERSION = YES;
				CLANG_WARN_NON_LITERAL_NULL_CONVERSION = YES;
				CLANG_WARN_OBJC_IMPLICIT_RETAIN_SELF = YES;
				CLANG_WARN_OBJC_LITERAL_CONVERSION = YES;
				CLANG_WARN_OBJC_ROOT_CLASS = YES_ERROR;
				CLANG_WARN_RANGE_LOOP_ANALYSIS = YES;
				CLANG_WARN_STRICT_PROTOTYPES = YES;
				CLANG_WARN_SUSPICIOUS_MOVE = YES;
				CLANG_WARN_UNREACHABLE_CODE = YES;
				CLANG_WARN__DUPLICATE_METHOD_MATCH = YES;
				"CODE_SIGN_IDENTITY[sdk=iphoneos*]" = "iPhone Developer";
				COPY_PHASE_STRIP = NO;
				DEBUG_INFORMATION_FORMAT = "dwarf-with-dsym";
				ENABLE_NS_ASSERTIONS = NO;
				ENABLE_STRICT_OBJC_MSGSEND = YES;
				GCC_C_LANGUAGE_STANDARD = gnu99;
				GCC_NO_COMMON_BLOCKS = YES;
				GCC_WARN_64_TO_32_BIT_CONVERSION = YES;
				GCC_WARN_ABOUT_RETURN_TYPE = YES_ERROR;
				GCC_WARN_UNDECLARED_SELECTOR = YES;
				GCC_WARN_UNINITIALIZED_AUTOS = YES_AGGRESSIVE;
				GCC_WARN_UNUSED_FUNCTION = YES;
				GCC_WARN_UNUSED_VARIABLE = YES;
				IPHONEOS_DEPLOYMENT_TARGET = 9.3;
				MTL_ENABLE_DEBUG_INFO = NO;
				SDKROOT = iphoneos;
				SWIFT_OPTIMIZATION_LEVEL = "-Owholemodule";
				TARGETED_DEVICE_FAMILY = "1,2";
				VALIDATE_PRODUCT = YES;
			};
			name = Release;
		};
		94505E8F1CA98B5700A884D6 /* Debug */ = {
			isa = XCBuildConfiguration;
			buildSettings = {
				ASSETCATALOG_COMPILER_APPICON_NAME = AppIcon;
				DEVELOPMENT_TEAM = 828XSMPA74;
				INFOPLIST_FILE = DocumentInteraction/Info.plist;
				LD_RUNPATH_SEARCH_PATHS = "$(inherited) @executable_path/Frameworks";
				PRODUCT_BUNDLE_IDENTIFIER = com.maximbilan.DocumentInteraction;
				PRODUCT_NAME = "$(TARGET_NAME)";
				SWIFT_SWIFT3_OBJC_INFERENCE = Default;
				SWIFT_VERSION = 4.0;
			};
			name = Debug;
		};
		94505E901CA98B5700A884D6 /* Release */ = {
			isa = XCBuildConfiguration;
			buildSettings = {
				ASSETCATALOG_COMPILER_APPICON_NAME = AppIcon;
				DEVELOPMENT_TEAM = 828XSMPA74;
				INFOPLIST_FILE = DocumentInteraction/Info.plist;
				LD_RUNPATH_SEARCH_PATHS = "$(inherited) @executable_path/Frameworks";
				PRODUCT_BUNDLE_IDENTIFIER = com.maximbilan.DocumentInteraction;
				PRODUCT_NAME = "$(TARGET_NAME)";
				SWIFT_SWIFT3_OBJC_INFERENCE = Default;
				SWIFT_VERSION = 4.0;
			};
			name = Release;
		};
/* End XCBuildConfiguration section */

/* Begin XCConfigurationList section */
		94505E771CA98B5700A884D6 /* Build configuration list for PBXProject "DocumentInteraction" */ = {
			isa = XCConfigurationList;
			buildConfigurations = (
				94505E8C1CA98B5700A884D6 /* Debug */,
				94505E8D1CA98B5700A884D6 /* Release */,
			);
			defaultConfigurationIsVisible = 0;
			defaultConfigurationName = Release;
		};
		94505E8E1CA98B5700A884D6 /* Build configuration list for PBXNativeTarget "DocumentInteraction" */ = {
			isa = XCConfigurationList;
			buildConfigurations = (
				94505E8F1CA98B5700A884D6 /* Debug */,
				94505E901CA98B5700A884D6 /* Release */,
			);
			defaultConfigurationIsVisible = 0;
			defaultConfigurationName = Release;
		};
/* End XCConfigurationList section */
	};
	rootObject = 94505E741CA98B5700A884D6 /* Project object */;
}
